
Microsoft Visual Studio Solution File, Format Version 11.00
# Visual Studio 2010
Project("{2150E333-8FDC-42A3-9474-1A3956D46DE8}") = "Library", "Library", "{45F97239-0E76-409F-81EF-40F8BCDEE098}"
EndProject
Project("{2150E333-8FDC-42A3-9474-1A3956D46DE8}") = "Remark", "Remark", "{5CA18DC2-A62D-425D-B3B5-89FECC0FCEA5}"
	ProjectSection(SolutionItems) = preProject
		Remark.txt = Remark.txt
	EndProjectSection
EndProject
Project("{FAE04EC0-301F-11D3-BF4B-00C04F79EFBC}") = "EQA.Data.Table", "EQAVisiter.Data.Table\EQA.Data.Table.csproj", "{22FEA3E6-9C5A-4F6B-9EF3-2C5FBF0AB191}"
EndProject
Project("{FAE04EC0-301F-11D3-BF4B-00C04F79EFBC}") = "AppConfig", "AppConfig\AppConfig.csproj", "{DD60F08E-DA76-4AB3-8086-2F7C8FA64CDD}"
EndProject
Project("{FAE04EC0-301F-11D3-BF4B-00C04F79EFBC}") = "PSTaskDialog", "PSTaskDialog\PSTaskDialog.csproj", "{0253E98B-6374-48AA-8740-89BC2939FF77}"
EndProject
Project("{FAE04EC0-301F-11D3-BF4B-00C04F79EFBC}") = "AppStart", "AppStart\AppStart.csproj", "{91359780-BCA3-4AD8-B2CF-7CF8B3439492}"
	ProjectSection(ProjectDependencies) = postProject
		{A6D06413-9F22-40F1-93D8-CDD29BABD4F7} = {A6D06413-9F22-40F1-93D8-CDD29BABD4F7}
		{1EF47419-0B11-4028-A4C1-C035575097A8} = {1EF47419-0B11-4028-A4C1-C035575097A8}
	EndProjectSection
EndProject
Project("{FAE04EC0-301F-11D3-BF4B-00C04F79EFBC}") = "Office2007Renderer", "Office2007Renderer\Office2007Renderer.csproj", "{A3E7CEE0-EA2C-443F-9E8F-2A40FDB4AF86}"
EndProject
Project("{FAE04EC0-301F-11D3-BF4B-00C04F79EFBC}") = "Flute.Drawing", "Flute.Drawing\Flute.Drawing.csproj", "{371D1373-05A1-4639-A875-9B7DA76CFA20}"
EndProject
Project("{FAE04EC0-301F-11D3-BF4B-00C04F79EFBC}") = "Flute.Data", "Flute.Data\Flute.Data.csproj", "{002065FA-4FC0-4C71-AB64-0027CDBAE218}"
EndProject
Project("{FAE04EC0-301F-11D3-BF4B-00C04F79EFBC}") = "Flute.DataStruct", "Flute.DataStruct\Flute.DataStruct.csproj", "{539557C8-A076-4632-9FB7-0F1E661E6827}"
EndProject
Project("{FAE04EC0-301F-11D3-BF4B-00C04F79EFBC}") = "Flute.Service", "Flute.Service\Flute.Service.csproj", "{93AFC058-C756-455C-A2D3-D7916BB12C02}"
EndProject
Project("{FAE04EC0-301F-11D3-BF4B-00C04F79EFBC}") = "Flute.Drawing.EQA", "Flute.Drawing.EQA\Flute.Drawing.EQA.csproj", "{511B281A-FCA0-4651-AF8B-D92B33FAB196}"
EndProject
Project("{FAE04EC0-301F-11D3-BF4B-00C04F79EFBC}") = "Flute.UI.WinForms", "Flute.UI.WinForms\Flute.UI.WinForms.csproj", "{9C82F742-810E-43D0-8052-4774AF7B0726}"
EndProject
Project("{FAE04EC0-301F-11D3-BF4B-00C04F79EFBC}") = "IDS.Data.Table", "IDS.Data.Table\IDS.Data.Table.csproj", "{A6D06413-9F22-40F1-93D8-CDD29BABD4F7}"
EndProject
Project("{FAE04EC0-301F-11D3-BF4B-00C04F79EFBC}") = "Flute.Drawing.IDS", "Flute.Drawing.IDS\Flute.Drawing.IDS.csproj", "{1EF47419-0B11-4028-A4C1-C035575097A8}"
EndProject
Project("{FAE04EC0-301F-11D3-BF4B-00C04F79EFBC}") = "Flute.Drawing.Excel", "Flute.Drawing.Excel\Flute.Drawing.Excel.csproj", "{2732DB51-8F96-4537-94D8-D1E15247B3BB}"
EndProject
Global
	GlobalSection(SolutionConfigurationPlatforms) = preSolution
		Debug|Any CPU = Debug|Any CPU
		Debug|x86 = Debug|x86
		Release|Any CPU = Release|Any CPU
		Release|x86 = Release|x86
	EndGlobalSection
	GlobalSection(ProjectConfigurationPlatforms) = postSolution
		{22FEA3E6-9C5A-4F6B-9EF3-2C5FBF0AB191}.Debug|Any CPU.ActiveCfg = Debug|Any CPU
		{22FEA3E6-9C5A-4F6B-9EF3-2C5FBF0AB191}.Debug|Any CPU.Build.0 = Debug|Any CPU
		{22FEA3E6-9C5A-4F6B-9EF3-2C5FBF0AB191}.Debug|x86.ActiveCfg = Debug|x86
		{22FEA3E6-9C5A-4F6B-9EF3-2C5FBF0AB191}.Debug|x86.Build.0 = Debug|x86
		{22FEA3E6-9C5A-4F6B-9EF3-2C5FBF0AB191}.Release|Any CPU.ActiveCfg = Release|Any CPU
		{22FEA3E6-9C5A-4F6B-9EF3-2C5FBF0AB191}.Release|Any CPU.Build.0 = Release|Any CPU
		{22FEA3E6-9C5A-4F6B-9EF3-2C5FBF0AB191}.Release|x86.ActiveCfg = Release|x86
		{22FEA3E6-9C5A-4F6B-9EF3-2C5FBF0AB191}.Release|x86.Build.0 = Release|x86
		{DD60F08E-DA76-4AB3-8086-2F7C8FA64CDD}.Debug|Any CPU.ActiveCfg = Debug|Any CPU
		{DD60F08E-DA76-4AB3-8086-2F7C8FA64CDD}.Debug|Any CPU.Build.0 = Debug|Any CPU
		{DD60F08E-DA76-4AB3-8086-2F7C8FA64CDD}.Debug|x86.ActiveCfg = Debug|x86
		{DD60F08E-DA76-4AB3-8086-2F7C8FA64CDD}.Debug|x86.Build.0 = Debug|x86
		{DD60F08E-DA76-4AB3-8086-2F7C8FA64CDD}.Release|Any CPU.ActiveCfg = Release|Any CPU
		{DD60F08E-DA76-4AB3-8086-2F7C8FA64CDD}.Release|Any CPU.Build.0 = Release|Any CPU
		{DD60F08E-DA76-4AB3-8086-2F7C8FA64CDD}.Release|x86.ActiveCfg = Release|x86
		{DD60F08E-DA76-4AB3-8086-2F7C8FA64CDD}.Release|x86.Build.0 = Release|x86
		{0253E98B-6374-48AA-8740-89BC2939FF77}.Debug|Any CPU.ActiveCfg = Debug|Any CPU
		{0253E98B-6374-48AA-8740-89BC2939FF77}.Debug|Any CPU.Build.0 = Debug|Any CPU
		{0253E98B-6374-48AA-8740-89BC2939FF77}.Debug|x86.ActiveCfg = Debug|x86
		{0253E98B-6374-48AA-8740-89BC2939FF77}.Debug|x86.Build.0 = Debug|x86
		{0253E98B-6374-48AA-8740-89BC2939FF77}.Release|Any CPU.ActiveCfg = Release|Any CPU
		{0253E98B-6374-48AA-8740-89BC2939FF77}.Release|Any CPU.Build.0 = Release|Any CPU
		{0253E98B-6374-48AA-8740-89BC2939FF77}.Release|x86.ActiveCfg = Release|x86
		{0253E98B-6374-48AA-8740-89BC2939FF77}.Release|x86.Build.0 = Release|x86
		{91359780-BCA3-4AD8-B2CF-7CF8B3439492}.Debug|Any CPU.ActiveCfg = Debug|x86
		{91359780-BCA3-4AD8-B2CF-7CF8B3439492}.Debug|Any CPU.Build.0 = Debug|x86
		{91359780-BCA3-4AD8-B2CF-7CF8B3439492}.Debug|x86.ActiveCfg = Debug|x86
		{91359780-BCA3-4AD8-B2CF-7CF8B3439492}.Debug|x86.Build.0 = Debug|x86
		{91359780-BCA3-4AD8-B2CF-7CF8B3439492}.Release|Any CPU.ActiveCfg = Release|x86
		{91359780-BCA3-4AD8-B2CF-7CF8B3439492}.Release|Any CPU.Build.0 = Release|x86
		{91359780-BCA3-4AD8-B2CF-7CF8B3439492}.Release|x86.ActiveCfg = Release|x86
		{91359780-BCA3-4AD8-B2CF-7CF8B3439492}.Release|x86.Build.0 = Release|x86
		{A3E7CEE0-EA2C-443F-9E8F-2A40FDB4AF86}.Debug|Any CPU.ActiveCfg = Debug|Any CPU
		{A3E7CEE0-EA2C-443F-9E8F-2A40FDB4AF86}.Debug|Any CPU.Build.0 = Debug|Any CPU
		{A3E7CEE0-EA2C-443F-9E8F-2A40FDB4AF86}.Debug|x86.ActiveCfg = Debug|x86
		{A3E7CEE0-EA2C-443F-9E8F-2A40FDB4AF86}.Debug|x86.Build.0 = Debug|x86
		{A3E7CEE0-EA2C-443F-9E8F-2A40FDB4AF86}.Release|Any CPU.ActiveCfg = Release|Any CPU
		{A3E7CEE0-EA2C-443F-9E8F-2A40FDB4AF86}.Release|Any CPU.Build.0 = Release|Any CPU
		{A3E7CEE0-EA2C-443F-9E8F-2A40FDB4AF86}.Release|x86.ActiveCfg = Release|x86
		{A3E7CEE0-EA2C-443F-9E8F-2A40FDB4AF86}.Release|x86.Build.0 = Release|x86
		{371D1373-05A1-4639-A875-9B7DA76CFA20}.Debug|Any CPU.ActiveCfg = Debug|Any CPU
		{371D1373-05A1-4639-A875-9B7DA76CFA20}.Debug|Any CPU.Build.0 = Debug|Any CPU
		{371D1373-05A1-4639-A875-9B7DA76CFA20}.Debug|x86.ActiveCfg = Debug|x86
		{371D1373-05A1-4639-A875-9B7DA76CFA20}.Debug|x86.Build.0 = Debug|x86
		{371D1373-05A1-4639-A875-9B7DA76CFA20}.Release|Any CPU.ActiveCfg = Release|Any CPU
		{371D1373-05A1-4639-A875-9B7DA76CFA20}.Release|Any CPU.Build.0 = Release|Any CPU
		{371D1373-05A1-4639-A875-9B7DA76CFA20}.Release|x86.ActiveCfg = Release|x86
		{371D1373-05A1-4639-A875-9B7DA76CFA20}.Release|x86.Build.0 = Release|x86
		{002065FA-4FC0-4C71-AB64-0027CDBAE218}.Debug|Any CPU.ActiveCfg = Debug|x86
		{002065FA-4FC0-4C71-AB64-0027CDBAE218}.Debug|Any CPU.Build.0 = Debug|x86
		{002065FA-4FC0-4C71-AB64-0027CDBAE218}.Debug|x86.ActiveCfg = Debug|x86
		{002065FA-4FC0-4C71-AB64-0027CDBAE218}.Debug|x86.Build.0 = Debug|x86
		{002065FA-4FC0-4C71-AB64-0027CDBAE218}.Release|Any CPU.ActiveCfg = Release|x86
		{002065FA-4FC0-4C71-AB64-0027CDBAE218}.Release|Any CPU.Build.0 = Release|x86
		{002065FA-4FC0-4C71-AB64-0027CDBAE218}.Release|x86.ActiveCfg = Release|x86
		{002065FA-4FC0-4C71-AB64-0027CDBAE218}.Release|x86.Build.0 = Release|x86
		{539557C8-A076-4632-9FB7-0F1E661E6827}.Debug|Any CPU.ActiveCfg = Debug|Any CPU
		{539557C8-A076-4632-9FB7-0F1E661E6827}.Debug|Any CPU.Build.0 = Debug|Any CPU
		{539557C8-A076-4632-9FB7-0F1E661E6827}.Debug|x86.ActiveCfg = Debug|x86
		{539557C8-A076-4632-9FB7-0F1E661E6827}.Debug|x86.Build.0 = Debug|x86
		{539557C8-A076-4632-9FB7-0F1E661E6827}.Release|Any CPU.ActiveCfg = Release|Any CPU
		{539557C8-A076-4632-9FB7-0F1E661E6827}.Release|Any CPU.Build.0 = Release|Any CPU
		{539557C8-A076-4632-9FB7-0F1E661E6827}.Release|x86.ActiveCfg = Release|x86
		{539557C8-A076-4632-9FB7-0F1E661E6827}.Release|x86.Build.0 = Release|x86
		{93AFC058-C756-455C-A2D3-D7916BB12C02}.Debug|Any CPU.ActiveCfg = Debug|Any CPU
		{93AFC058-C756-455C-A2D3-D7916BB12C02}.Debug|Any CPU.Build.0 = Debug|Any CPU
		{93AFC058-C756-455C-A2D3-D7916BB12C02}.Debug|x86.ActiveCfg = Debug|x86
		{93AFC058-C756-455C-A2D3-D7916BB12C02}.Debug|x86.Build.0 = Debug|x86
		{93AFC058-C756-455C-A2D3-D7916BB12C02}.Release|Any CPU.ActiveCfg = Release|Any CPU
		{93AFC058-C756-455C-A2D3-D7916BB12C02}.Release|Any CPU.Build.0 = Release|Any CPU
		{93AFC058-C756-455C-A2D3-D7916BB12C02}.Release|x86.ActiveCfg = Release|x86
		{93AFC058-C756-455C-A2D3-D7916BB12C02}.Release|x86.Build.0 = Release|x86
		{511B281A-FCA0-4651-AF8B-D92B33FAB196}.Debug|Any CPU.ActiveCfg = Debug|Any CPU
		{511B281A-FCA0-4651-AF8B-D92B33FAB196}.Debug|Any CPU.Build.0 = Debug|Any CPU
		{511B281A-FCA0-4651-AF8B-D92B33FAB196}.Debug|x86.ActiveCfg = Debug|x86
		{511B281A-FCA0-4651-AF8B-D92B33FAB196}.Debug|x86.Build.0 = Debug|x86
		{511B281A-FCA0-4651-AF8B-D92B33FAB196}.Release|Any CPU.ActiveCfg = Release|Any CPU
		{511B281A-FCA0-4651-AF8B-D92B33FAB196}.Release|Any CPU.Build.0 = Release|Any CPU
		{511B281A-FCA0-4651-AF8B-D92B33FAB196}.Release|x86.ActiveCfg = Release|x86
		{511B281A-FCA0-4651-AF8B-D92B33FAB196}.Release|x86.Build.0 = Release|x86
		{9C82F742-810E-43D0-8052-4774AF7B0726}.Debug|Any CPU.ActiveCfg = Debug|Any CPU
		{9C82F742-810E-43D0-8052-4774AF7B0726}.Debug|Any CPU.Build.0 = Debug|Any CPU
		{9C82F742-810E-43D0-8052-4774AF7B0726}.Debug|x86.ActiveCfg = Debug|x86
		{9C82F742-810E-43D0-8052-4774AF7B0726}.Debug|x86.Build.0 = Debug|x86
		{9C82F742-810E-43D0-8052-4774AF7B0726}.Release|Any CPU.ActiveCfg = Release|Any CPU
		{9C82F742-810E-43D0-8052-4774AF7B0726}.Release|Any CPU.Build.0 = Release|Any CPU
		{9C82F742-810E-43D0-8052-4774AF7B0726}.Release|x86.ActiveCfg = Release|x86
		{9C82F742-810E-43D0-8052-4774AF7B0726}.Release|x86.Build.0 = Release|x86
		{A6D06413-9F22-40F1-93D8-CDD29BABD4F7}.Debug|Any CPU.ActiveCfg = Debug|Any CPU
		{A6D06413-9F22-40F1-93D8-CDD29BABD4F7}.Debug|Any CPU.Build.0 = Debug|Any CPU
		{A6D06413-9F22-40F1-93D8-CDD29BABD4F7}.Debug|x86.ActiveCfg = Debug|x86
		{A6D06413-9F22-40F1-93D8-CDD29BABD4F7}.Debug|x86.Build.0 = Debug|x86
		{A6D06413-9F22-40F1-93D8-CDD29BABD4F7}.Release|Any CPU.ActiveCfg = Release|Any CPU
		{A6D06413-9F22-40F1-93D8-CDD29BABD4F7}.Release|Any CPU.Build.0 = Release|Any CPU
		{A6D06413-9F22-40F1-93D8-CDD29BABD4F7}.Release|x86.ActiveCfg = Release|x86
		{A6D06413-9F22-40F1-93D8-CDD29BABD4F7}.Release|x86.Build.0 = Release|x86
		{1EF47419-0B11-4028-A4C1-C035575097A8}.Debug|Any CPU.ActiveCfg = Debug|Any CPU
		{1EF47419-0B11-4028-A4C1-C035575097A8}.Debug|Any CPU.Build.0 = Debug|Any CPU
		{1EF47419-0B11-4028-A4C1-C035575097A8}.Debug|x86.ActiveCfg = Debug|Any CPU
		{1EF47419-0B11-4028-A4C1-C035575097A8}.Release|Any CPU.ActiveCfg = Release|Any CPU
		{1EF47419-0B11-4028-A4C1-C035575097A8}.Release|Any CPU.Build.0 = Release|Any CPU
		{1EF47419-0B11-4028-A4C1-C035575097A8}.Release|x86.ActiveCfg = Release|Any CPU
		{2732DB51-8F96-4537-94D8-D1E15247B3BB}.Debug|Any CPU.ActiveCfg = Debug|Any CPU
		{2732DB51-8F96-4537-94D8-D1E15247B3BB}.Debug|Any CPU.Build.0 = Debug|Any CPU
		{2732DB51-8F96-4537-94D8-D1E15247B3BB}.Debug|x86.ActiveCfg = Debug|Any CPU
		{2732DB51-8F96-4537-94D8-D1E15247B3BB}.Release|Any CPU.ActiveCfg = Release|Any CPU
		{2732DB51-8F96-4537-94D8-D1E15247B3BB}.Release|Any CPU.Build.0 = Release|Any CPU
		{2732DB51-8F96-4537-94D8-D1E15247B3BB}.Release|x86.ActiveCfg = Release|Any CPU
	EndGlobalSection
	GlobalSection(SolutionProperties) = preSolution
		HideSolutionNode = FALSE
	EndGlobalSection
	GlobalSection(NestedProjects) = preSolution
		{0253E98B-6374-48AA-8740-89BC2939FF77} = {45F97239-0E76-409F-81EF-40F8BCDEE098}
		{A3E7CEE0-EA2C-443F-9E8F-2A40FDB4AF86} = {45F97239-0E76-409F-81EF-40F8BCDEE098}
	EndGlobalSection
EndGlobal
